
Microsoft Visual Studio Solution File, Format Version 12.00
# Visual Studio Version 17
VisualStudioVersion = 17.1.32228.430
MinimumVisualStudioVersion = 10.0.40219.1
Project("{FAE04EC0-301F-11D3-BF4B-00C04F79EFBC}") = "ConsumirAPI", "ConsumirAPI.csproj", "{FC8F5614-C087-475A-9C13-CCBF68BBF668}"
EndProject
Global
	GlobalSection(SolutionConfigurationPlatforms) = preSolution
		Debug|Any CPU = Debug|Any CPU
		Release|Any CPU = Release|Any CPU
	EndGlobalSection
	GlobalSection(ProjectConfigurationPlatforms) = postSolution
		{FC8F5614-C087-475A-9C13-CCBF68BBF668}.Debug|Any CPU.ActiveCfg = Debug|Any CPU
		{FC8F5614-C087-475A-9C13-CCBF68BBF668}.Debug|Any CPU.Build.0 = Debug|Any CPU
		{FC8F5614-C087-475A-9C13-CCBF68BBF668}.Release|Any CPU.ActiveCfg = Release|Any CPU
		{FC8F5614-C087-475A-9C13-CCBF68BBF668}.Release|Any CPU.Build.0 = Release|Any CPU
	EndGlobalSection
	GlobalSection(SolutionProperties) = preSolution
		HideSolutionNode = FALSE
	EndGlobalSection
	GlobalSection(ExtensibilityGlobals) = postSolution
		SolutionGuid = {DD553EE6-B415-4359-86F4-E22EF15097CE}
	EndGlobalSection
EndGlobal
